
Microsoft Visual Studio Solution File, Format Version 12.00
# Visual Studio Version 17
VisualStudioVersion = 17.3.32901.215
MinimumVisualStudioVersion = 10.0.40219.1
Project("{FAE04EC0-301F-11D3-BF4B-00C04F79EFBC}") = "ConsoleLR2Remastered", "ConsoleLR2Remastered\ConsoleLR2Remastered.csproj", "{CCCB19C0-E35F-4866-A55F-9A3F1AA61074}"
EndProject
Global
	GlobalSection(SolutionConfigurationPlatforms) = preSolution
		Debug|Any CPU = Debug|Any CPU
		Release|Any CPU = Release|Any CPU
	EndGlobalSection
	GlobalSection(ProjectConfigurationPlatforms) = postSolution
		{CCCB19C0-E35F-4866-A55F-9A3F1AA61074}.Debug|Any CPU.ActiveCfg = Debug|Any CPU
		{CCCB19C0-E35F-4866-A55F-9A3F1AA61074}.Debug|Any CPU.Build.0 = Debug|Any CPU
		{CCCB19C0-E35F-4866-A55F-9A3F1AA61074}.Release|Any CPU.ActiveCfg = Release|Any CPU
		{CCCB19C0-E35F-4866-A55F-9A3F1AA61074}.Release|Any CPU.Build.0 = Release|Any CPU
	EndGlobalSection
	GlobalSection(SolutionProperties) = preSolution
		HideSolutionNode = FALSE
	EndGlobalSection
	GlobalSection(ExtensibilityGlobals) = postSolution
		SolutionGuid = {3F96B83A-6340-40E6-9A24-9893215D1BC1}
	EndGlobalSection
EndGlobal
